// !$*UTF8*$!
{
	archiveVersion = 1;
	classes = {
	};
	objectVersion = 46;
	objects = {

/* Begin PBXBuildFile section */
		780768FBE2AA4675D9CFECDF /* libPods.a in Frameworks */ = {isa = PBXBuildFile; fileRef = 7F29DE3B74DF5B15BEEE5F38 /* libPods.a */; };
		841ED79319E4BD4100A9EF83 /* Photo.m in Sources */ = {isa = PBXBuildFile; fileRef = 841ED79219E4BD4100A9EF83 /* Photo.m */; };
		841ED79619E4C5CA00A9EF83 /* FlickrPhotosParser.m in Sources */ = {isa = PBXBuildFile; fileRef = 841ED79519E4C5CA00A9EF83 /* FlickrPhotosParser.m */; };
		841ED79919E4D69C00A9EF83 /* PhotoAnnotation.m in Sources */ = {isa = PBXBuildFile; fileRef = 841ED79819E4D69C00A9EF83 /* PhotoAnnotation.m */; };
		843CB01D19E33B110030DE2C /* main.m in Sources */ = {isa = PBXBuildFile; fileRef = 843CB01C19E33B110030DE2C /* main.m */; };
		843CB02019E33B110030DE2C /* AppDelegate.m in Sources */ = {isa = PBXBuildFile; fileRef = 843CB01F19E33B110030DE2C /* AppDelegate.m */; };
		843CB02319E33B110030DE2C /* ViewController.m in Sources */ = {isa = PBXBuildFile; fileRef = 843CB02219E33B110030DE2C /* ViewController.m */; };
		843CB02619E33B110030DE2C /* Main.storyboard in Resources */ = {isa = PBXBuildFile; fileRef = 843CB02419E33B110030DE2C /* Main.storyboard */; };
		843CB02819E33B110030DE2C /* Images.xcassets in Resources */ = {isa = PBXBuildFile; fileRef = 843CB02719E33B110030DE2C /* Images.xcassets */; };
		843CB02B19E33B110030DE2C /* LaunchScreen.xib in Resources */ = {isa = PBXBuildFile; fileRef = 843CB02919E33B110030DE2C /* LaunchScreen.xib */; };
		843CB03719E33B120030DE2C /* iFlickrTests.m in Sources */ = {isa = PBXBuildFile; fileRef = 843CB03619E33B120030DE2C /* iFlickrTests.m */; };
		84458FB019E33DD000B3D020 /* FlickrClient.m in Sources */ = {isa = PBXBuildFile; fileRef = 84458FAF19E33DD000B3D020 /* FlickrClient.m */; };
		84AC261E19E3FB20005324FD /* MapKit.framework in Frameworks */ = {isa = PBXBuildFile; fileRef = 84AC261D19E3FB20005324FD /* MapKit.framework */; };
		84AC262019E41C22005324FD /* CoreLocation.framework in Frameworks */ = {isa = PBXBuildFile; fileRef = 84AC261F19E41C22005324FD /* CoreLocation.framework */; };
/* End PBXBuildFile section */

/* Begin PBXContainerItemProxy section */
		843CB03119E33B120030DE2C /* PBXContainerItemProxy */ = {
			isa = PBXContainerItemProxy;
			containerPortal = 843CB00F19E33B110030DE2C /* Project object */;
			proxyType = 1;
			remoteGlobalIDString = 843CB01619E33B110030DE2C;
			remoteInfo = iFlickr;
		};
/* End PBXContainerItemProxy section */

/* Begin PBXFileReference section */
		7F29DE3B74DF5B15BEEE5F38 /* libPods.a */ = {isa = PBXFileReference; explicitFileType = archive.ar; includeInIndex = 0; path = libPods.a; sourceTree = BUILT_PRODUCTS_DIR; };
		841ED79119E4BD4000A9EF83 /* Photo.h */ = {isa = PBXFileReference; fileEncoding = 4; lastKnownFileType = sourcecode.c.h; path = Photo.h; sourceTree = "<group>"; };
		841ED79219E4BD4100A9EF83 /* Photo.m */ = {isa = PBXFileReference; fileEncoding = 4; lastKnownFileType = sourcecode.c.objc; path = Photo.m; sourceTree = "<group>"; };
		841ED79419E4C5CA00A9EF83 /* FlickrPhotosParser.h */ = {isa = PBXFileReference; fileEncoding = 4; lastKnownFileType = sourcecode.c.h; path = FlickrPhotosParser.h; sourceTree = "<group>"; };
		841ED79519E4C5CA00A9EF83 /* FlickrPhotosParser.m */ = {isa = PBXFileReference; fileEncoding = 4; lastKnownFileType = sourcecode.c.objc; path = FlickrPhotosParser.m; sourceTree = "<group>"; };
		841ED79719E4D69C00A9EF83 /* PhotoAnnotation.h */ = {isa = PBXFileReference; fileEncoding = 4; lastKnownFileType = sourcecode.c.h; path = PhotoAnnotation.h; sourceTree = "<group>"; };
		841ED79819E4D69C00A9EF83 /* PhotoAnnotation.m */ = {isa = PBXFileReference; fileEncoding = 4; lastKnownFileType = sourcecode.c.objc; path = PhotoAnnotation.m; sourceTree = "<group>"; };
		843CB01719E33B110030DE2C /* iFlickr.app */ = {isa = PBXFileReference; explicitFileType = wrapper.application; includeInIndex = 0; path = iFlickr.app; sourceTree = BUILT_PRODUCTS_DIR; };
		843CB01B19E33B110030DE2C /* Info.plist */ = {isa = PBXFileReference; lastKnownFileType = text.plist.xml; path = Info.plist; sourceTree = "<group>"; };
		843CB01C19E33B110030DE2C /* main.m */ = {isa = PBXFileReference; lastKnownFileType = sourcecode.c.objc; path = main.m; sourceTree = "<group>"; };
		843CB01E19E33B110030DE2C /* AppDelegate.h */ = {isa = PBXFileReference; lastKnownFileType = sourcecode.c.h; path = AppDelegate.h; sourceTree = "<group>"; };
		843CB01F19E33B110030DE2C /* AppDelegate.m */ = {isa = PBXFileReference; lastKnownFileType = sourcecode.c.objc; path = AppDelegate.m; sourceTree = "<group>"; };
		843CB02119E33B110030DE2C /* ViewController.h */ = {isa = PBXFileReference; lastKnownFileType = sourcecode.c.h; path = ViewController.h; sourceTree = "<group>"; };
		843CB02219E33B110030DE2C /* ViewController.m */ = {isa = PBXFileReference; lastKnownFileType = sourcecode.c.objc; path = ViewController.m; sourceTree = "<group>"; };
		843CB02519E33B110030DE2C /* Base */ = {isa = PBXFileReference; lastKnownFileType = file.storyboard; name = Base; path = Base.lproj/Main.storyboard; sourceTree = "<group>"; };
		843CB02719E33B110030DE2C /* Images.xcassets */ = {isa = PBXFileReference; lastKnownFileType = folder.assetcatalog; path = Images.xcassets; sourceTree = "<group>"; };
		843CB02A19E33B110030DE2C /* Base */ = {isa = PBXFileReference; lastKnownFileType = file.xib; name = Base; path = Base.lproj/LaunchScreen.xib; sourceTree = "<group>"; };
		843CB03019E33B120030DE2C /* iFlickrTests.xctest */ = {isa = PBXFileReference; explicitFileType = wrapper.cfbundle; includeInIndex = 0; path = iFlickrTests.xctest; sourceTree = BUILT_PRODUCTS_DIR; };
		843CB03519E33B120030DE2C /* Info.plist */ = {isa = PBXFileReference; lastKnownFileType = text.plist.xml; path = Info.plist; sourceTree = "<group>"; };
		843CB03619E33B120030DE2C /* iFlickrTests.m */ = {isa = PBXFileReference; lastKnownFileType = sourcecode.c.objc; path = iFlickrTests.m; sourceTree = "<group>"; };
		84458FAE19E33DD000B3D020 /* FlickrClient.h */ = {isa = PBXFileReference; fileEncoding = 4; lastKnownFileType = sourcecode.c.h; path = FlickrClient.h; sourceTree = "<group>"; };
		84458FAF19E33DD000B3D020 /* FlickrClient.m */ = {isa = PBXFileReference; fileEncoding = 4; lastKnownFileType = sourcecode.c.objc; path = FlickrClient.m; sourceTree = "<group>"; };
		84AC261D19E3FB20005324FD /* MapKit.framework */ = {isa = PBXFileReference; lastKnownFileType = wrapper.framework; name = MapKit.framework; path = System/Library/Frameworks/MapKit.framework; sourceTree = SDKROOT; };
		84AC261F19E41C22005324FD /* CoreLocation.framework */ = {isa = PBXFileReference; lastKnownFileType = wrapper.framework; name = CoreLocation.framework; path = System/Library/Frameworks/CoreLocation.framework; sourceTree = SDKROOT; };
		EE4E2D49DB7189EDDF21009F /* Pods.release.xcconfig */ = {isa = PBXFileReference; includeInIndex = 1; lastKnownFileType = text.xcconfig; name = Pods.release.xcconfig; path = "Pods/Target Support Files/Pods/Pods.release.xcconfig"; sourceTree = "<group>"; };
		F7531BBF8092F2AFCB65288F /* Pods.debug.xcconfig */ = {isa = PBXFileReference; includeInIndex = 1; lastKnownFileType = text.xcconfig; name = Pods.debug.xcconfig; path = "Pods/Target Support Files/Pods/Pods.debug.xcconfig"; sourceTree = "<group>"; };
/* End PBXFileReference section */

/* Begin PBXFrameworksBuildPhase section */
		843CB01419E33B110030DE2C /* Frameworks */ = {
			isa = PBXFrameworksBuildPhase;
			buildActionMask = 2147483647;
			files = (
				84AC262019E41C22005324FD /* CoreLocation.framework in Frameworks */,
				84AC261E19E3FB20005324FD /* MapKit.framework in Frameworks */,
				780768FBE2AA4675D9CFECDF /* libPods.a in Frameworks */,
			);
			runOnlyForDeploymentPostprocessing = 0;
		};
		843CB02D19E33B120030DE2C /* Frameworks */ = {
			isa = PBXFrameworksBuildPhase;
			buildActionMask = 2147483647;
			files = (
			);
			runOnlyForDeploymentPostprocessing = 0;
		};
/* End PBXFrameworksBuildPhase section */

/* Begin PBXGroup section */
		843CB00E19E33B110030DE2C = {
			isa = PBXGroup;
			children = (
				843CB01919E33B110030DE2C /* iFlickr */,
				843CB03319E33B120030DE2C /* iFlickrTests */,
				843CB01819E33B110030DE2C /* Products */,
				C60945E9491E4E6B79ED9783 /* Pods */,
				C4504899A5C206C4399F30CD /* Frameworks */,
			);
			sourceTree = "<group>";
		};
		843CB01819E33B110030DE2C /* Products */ = {
			isa = PBXGroup;
			children = (
				843CB01719E33B110030DE2C /* iFlickr.app */,
				843CB03019E33B120030DE2C /* iFlickrTests.xctest */,
			);
			name = Products;
			sourceTree = "<group>";
		};
		843CB01919E33B110030DE2C /* iFlickr */ = {
			isa = PBXGroup;
			children = (
				841ED79119E4BD4000A9EF83 /* Photo.h */,
				841ED79219E4BD4100A9EF83 /* Photo.m */,
				841ED79419E4C5CA00A9EF83 /* FlickrPhotosParser.h */,
				841ED79519E4C5CA00A9EF83 /* FlickrPhotosParser.m */,
				843CB01E19E33B110030DE2C /* AppDelegate.h */,
				843CB01F19E33B110030DE2C /* AppDelegate.m */,
				843CB02119E33B110030DE2C /* ViewController.h */,
				843CB02219E33B110030DE2C /* ViewController.m */,
				843CB02419E33B110030DE2C /* Main.storyboard */,
				843CB02719E33B110030DE2C /* Images.xcassets */,
				843CB02919E33B110030DE2C /* LaunchScreen.xib */,
				843CB01A19E33B110030DE2C /* Supporting Files */,
				84458FAE19E33DD000B3D020 /* FlickrClient.h */,
				84458FAF19E33DD000B3D020 /* FlickrClient.m */,
				841ED79719E4D69C00A9EF83 /* PhotoAnnotation.h */,
				841ED79819E4D69C00A9EF83 /* PhotoAnnotation.m */,
			);
			path = iFlickr;
			sourceTree = "<group>";
		};
		843CB01A19E33B110030DE2C /* Supporting Files */ = {
			isa = PBXGroup;
			children = (
				843CB01B19E33B110030DE2C /* Info.plist */,
				843CB01C19E33B110030DE2C /* main.m */,
			);
			name = "Supporting Files";
			sourceTree = "<group>";
		};
		843CB03319E33B120030DE2C /* iFlickrTests */ = {
			isa = PBXGroup;
			children = (
				843CB03619E33B120030DE2C /* iFlickrTests.m */,
				843CB03419E33B120030DE2C /* Supporting Files */,
			);
			path = iFlickrTests;
			sourceTree = "<group>";
		};
		843CB03419E33B120030DE2C /* Supporting Files */ = {
			isa = PBXGroup;
			children = (
				843CB03519E33B120030DE2C /* Info.plist */,
			);
			name = "Supporting Files";
			sourceTree = "<group>";
		};
		C4504899A5C206C4399F30CD /* Frameworks */ = {
			isa = PBXGroup;
			children = (
				84AC261F19E41C22005324FD /* CoreLocation.framework */,
				84AC261D19E3FB20005324FD /* MapKit.framework */,
				7F29DE3B74DF5B15BEEE5F38 /* libPods.a */,
			);
			name = Frameworks;
			sourceTree = "<group>";
		};
		C60945E9491E4E6B79ED9783 /* Pods */ = {
			isa = PBXGroup;
			children = (
				F7531BBF8092F2AFCB65288F /* Pods.debug.xcconfig */,
				EE4E2D49DB7189EDDF21009F /* Pods.release.xcconfig */,
			);
			name = Pods;
			sourceTree = "<group>";
		};
/* End PBXGroup section */

/* Begin PBXNativeTarget section */
		843CB01619E33B110030DE2C /* iFlickr */ = {
			isa = PBXNativeTarget;
			buildConfigurationList = 843CB03A19E33B120030DE2C /* Build configuration list for PBXNativeTarget "iFlickr" */;
			buildPhases = (
				1B5ACE3D82B70C9600BF3A42 /* Check Pods Manifest.lock */,
				843CB01319E33B110030DE2C /* Sources */,
				843CB01419E33B110030DE2C /* Frameworks */,
				843CB01519E33B110030DE2C /* Resources */,
				D9498361A6D95C10ED620E51 /* Copy Pods Resources */,
			);
			buildRules = (
			);
			dependencies = (
			);
			name = iFlickr;
			productName = iFlickr;
			productReference = 843CB01719E33B110030DE2C /* iFlickr.app */;
			productType = "com.apple.product-type.application";
		};
		843CB02F19E33B120030DE2C /* iFlickrTests */ = {
			isa = PBXNativeTarget;
			buildConfigurationList = 843CB03D19E33B120030DE2C /* Build configuration list for PBXNativeTarget "iFlickrTests" */;
			buildPhases = (
				843CB02C19E33B120030DE2C /* Sources */,
				843CB02D19E33B120030DE2C /* Frameworks */,
				843CB02E19E33B120030DE2C /* Resources */,
			);
			buildRules = (
			);
			dependencies = (
				843CB03219E33B120030DE2C /* PBXTargetDependency */,
			);
			name = iFlickrTests;
			productName = iFlickrTests;
			productReference = 843CB03019E33B120030DE2C /* iFlickrTests.xctest */;
			productType = "com.apple.product-type.bundle.unit-test";
		};
/* End PBXNativeTarget section */

/* Begin PBXProject section */
		843CB00F19E33B110030DE2C /* Project object */ = {
			isa = PBXProject;
			attributes = {
				LastUpgradeCheck = 0600;
				ORGANIZATIONNAME = VitaliyP;
				TargetAttributes = {
					843CB01619E33B110030DE2C = {
						CreatedOnToolsVersion = 6.0.1;
						SystemCapabilities = {
							com.apple.Maps.iOS = {
								enabled = 1;
							};
						};
					};
					843CB02F19E33B120030DE2C = {
						CreatedOnToolsVersion = 6.0.1;
						TestTargetID = 843CB01619E33B110030DE2C;
					};
				};
			};
			buildConfigurationList = 843CB01219E33B110030DE2C /* Build configuration list for PBXProject "iFlickr" */;
			compatibilityVersion = "Xcode 3.2";
			developmentRegion = English;
			hasScannedForEncodings = 0;
			knownRegions = (
				en,
				Base,
			);
			mainGroup = 843CB00E19E33B110030DE2C;
			productRefGroup = 843CB01819E33B110030DE2C /* Products */;
			projectDirPath = "";
			projectRoot = "";
			targets = (
				843CB01619E33B110030DE2C /* iFlickr */,
				843CB02F19E33B120030DE2C /* iFlickrTests */,
			);
		};
/* End PBXProject section */

/* Begin PBXResourcesBuildPhase section */
		843CB01519E33B110030DE2C /* Resources */ = {
			isa = PBXResourcesBuildPhase;
			buildActionMask = 2147483647;
			files = (
				843CB02619E33B110030DE2C /* Main.storyboard in Resources */,
				843CB02B19E33B110030DE2C /* LaunchScreen.xib in Resources */,
				843CB02819E33B110030DE2C /* Images.xcassets in Resources */,
			);
			runOnlyForDeploymentPostprocessing = 0;
		};
		843CB02E19E33B120030DE2C /* Resources */ = {
			isa = PBXResourcesBuildPhase;
			buildActionMask = 2147483647;
			files = (
			);
			runOnlyForDeploymentPostprocessing = 0;
		};
/* End PBXResourcesBuildPhase section */

/* Begin PBXShellScriptBuildPhase section */
		1B5ACE3D82B70C9600BF3A42 /* Check Pods Manifest.lock */ = {
			isa = PBXShellScriptBuildPhase;
			buildActionMask = 2147483647;
			files = (
			);
			inputPaths = (
			);
			name = "Check Pods Manifest.lock";
			outputPaths = (
			);
			runOnlyForDeploymentPostprocessing = 0;
			shellPath = /bin/sh;
			shellScript = "diff \"${PODS_ROOT}/../Podfile.lock\" \"${PODS_ROOT}/Manifest.lock\" > /dev/null\nif [[ $? != 0 ]] ; then\n    cat << EOM\nerror: The sandbox is not in sync with the Podfile.lock. Run 'pod install' or update your CocoaPods installation.\nEOM\n    exit 1\nfi\n";
			showEnvVarsInLog = 0;
		};
		D9498361A6D95C10ED620E51 /* Copy Pods Resources */ = {
			isa = PBXShellScriptBuildPhase;
			buildActionMask = 2147483647;
			files = (
			);
			inputPaths = (
			);
			name = "Copy Pods Resources";
			outputPaths = (
			);
			runOnlyForDeploymentPostprocessing = 0;
			shellPath = /bin/sh;
			shellScript = "\"${SRCROOT}/Pods/Target Support Files/Pods/Pods-resources.sh\"\n";
			showEnvVarsInLog = 0;
		};
/* End PBXShellScriptBuildPhase section */

/* Begin PBXSourcesBuildPhase section */
		843CB01319E33B110030DE2C /* Sources */ = {
			isa = PBXSourcesBuildPhase;
			buildActionMask = 2147483647;
			files = (
				841ED79319E4BD4100A9EF83 /* Photo.m in Sources */,
				843CB02319E33B110030DE2C /* ViewController.m in Sources */,
				843CB02019E33B110030DE2C /* AppDelegate.m in Sources */,
				843CB01D19E33B110030DE2C /* main.m in Sources */,
				841ED79919E4D69C00A9EF83 /* PhotoAnnotation.m in Sources */,
				84458FB019E33DD000B3D020 /* FlickrClient.m in Sources */,
				841ED79619E4C5CA00A9EF83 /* FlickrPhotosParser.m in Sources */,
			);
			runOnlyForDeploymentPostprocessing = 0;
		};
		843CB02C19E33B120030DE2C /* Sources */ = {
			isa = PBXSourcesBuildPhase;
			buildActionMask = 2147483647;
			files = (
				843CB03719E33B120030DE2C /* iFlickrTests.m in Sources */,
			);
			runOnlyForDeploymentPostprocessing = 0;
		};
/* End PBXSourcesBuildPhase section */

/* Begin PBXTargetDependency section */
		843CB03219E33B120030DE2C /* PBXTargetDependency */ = {
			isa = PBXTargetDependency;
			target = 843CB01619E33B110030DE2C /* iFlickr */;
			targetProxy = 843CB03119E33B120030DE2C /* PBXContainerItemProxy */;
		};
/* End PBXTargetDependency section */

/* Begin PBXVariantGroup section */
		843CB02419E33B110030DE2C /* Main.storyboard */ = {
			isa = PBXVariantGroup;
			children = (
				843CB02519E33B110030DE2C /* Base */,
			);
			name = Main.storyboard;
			sourceTree = "<group>";
		};
		843CB02919E33B110030DE2C /* LaunchScreen.xib */ = {
			isa = PBXVariantGroup;
			children = (
				843CB02A19E33B110030DE2C /* Base */,
			);
			name = LaunchScreen.xib;
			sourceTree = "<group>";
		};
/* End PBXVariantGroup section */

/* Begin XCBuildConfiguration section */
		843CB03819E33B120030DE2C /* Debug */ = {
			isa = XCBuildConfiguration;
			buildSettings = {
				ALWAYS_SEARCH_USER_PATHS = NO;
				CLANG_CXX_LANGUAGE_STANDARD = "gnu++0x";
				CLANG_CXX_LIBRARY = "libc++";
				CLANG_ENABLE_MODULES = YES;
				CLANG_ENABLE_OBJC_ARC = YES;
				CLANG_WARN_BOOL_CONVERSION = YES;
				CLANG_WARN_CONSTANT_CONVERSION = YES;
				CLANG_WARN_DIRECT_OBJC_ISA_USAGE = YES_ERROR;
				CLANG_WARN_EMPTY_BODY = YES;
				CLANG_WARN_ENUM_CONVERSION = YES;
				CLANG_WARN_INT_CONVERSION = YES;
				CLANG_WARN_OBJC_ROOT_CLASS = YES_ERROR;
				CLANG_WARN_UNREACHABLE_CODE = YES;
				CLANG_WARN__DUPLICATE_METHOD_MATCH = YES;
				"CODE_SIGN_IDENTITY[sdk=iphoneos*]" = "iPhone Developer";
				COPY_PHASE_STRIP = NO;
				ENABLE_STRICT_OBJC_MSGSEND = YES;
				GCC_C_LANGUAGE_STANDARD = gnu99;
				GCC_DYNAMIC_NO_PIC = NO;
				GCC_OPTIMIZATION_LEVEL = 0;
				GCC_PREPROCESSOR_DEFINITIONS = (
					"DEBUG=1",
					"$(inherited)",
				);
				GCC_SYMBOLS_PRIVATE_EXTERN = NO;
				GCC_WARN_64_TO_32_BIT_CONVERSION = YES;
				GCC_WARN_ABOUT_RETURN_TYPE = YES_ERROR;
				GCC_WARN_UNDECLARED_SELECTOR = YES;
				GCC_WARN_UNINITIALIZED_AUTOS = YES_AGGRESSIVE;
				GCC_WARN_UNUSED_FUNCTION = YES;
				GCC_WARN_UNUSED_VARIABLE = YES;
				IPHONEOS_DEPLOYMENT_TARGET = 8.0;
				MTL_ENABLE_DEBUG_INFO = YES;
				ONLY_ACTIVE_ARCH = YES;
				SDKROOT = iphoneos;
				TARGETED_DEVICE_FAMILY = "1,2";
			};
			name = Debug;
		};
		843CB03919E33B120030DE2C /* Release */ = {
			isa = XCBuildConfiguration;
			buildSettings = {
				ALWAYS_SEARCH_USER_PATHS = NO;
				CLANG_CXX_LANGUAGE_STANDARD = "gnu++0x";
				CLANG_CXX_LIBRARY = "libc++";
				CLANG_ENABLE_MODULES = YES;
				CLANG_ENABLE_OBJC_ARC = YES;
				CLANG_WARN_BOOL_CONVERSION = YES;
				CLANG_WARN_CONSTANT_CONVERSION = YES;
				CLANG_WARN_DIRECT_OBJC_ISA_USAGE = YES_ERROR;
				CLANG_WARN_EMPTY_BODY = YES;
				CLANG_WARN_ENUM_CONVERSION = YES;
				CLANG_WARN_INT_CONVERSION = YES;
				CLANG_WARN_OBJC_ROOT_CLASS = YES_ERROR;
				CLANG_WARN_UNREACHABLE_CODE = YES;
				CLANG_WARN__DUPLICATE_METHOD_MATCH = YES;
				"CODE_SIGN_IDENTITY[sdk=iphoneos*]" = "iPhone Developer";
				COPY_PHASE_STRIP = YES;
				ENABLE_NS_ASSERTIONS = NO;
				ENABLE_STRICT_OBJC_MSGSEND = YES;
				GCC_C_LANGUAGE_STANDARD = gnu99;
				GCC_WARN_64_TO_32_BIT_CONVERSION = YES;
				GCC_WARN_ABOUT_RETURN_TYPE = YES_ERROR;
				GCC_WARN_UNDECLARED_SELECTOR = YES;
				GCC_WARN_UNINITIALIZED_AUTOS = YES_AGGRESSIVE;
				GCC_WARN_UNUSED_FUNCTION = YES;
				GCC_WARN_UNUSED_VARIABLE = YES;
				IPHONEOS_DEPLOYMENT_TARGET = 8.0;
				MTL_ENABLE_DEBUG_INFO = NO;
				SDKROOT = iphoneos;
				TARGETED_DEVICE_FAMILY = "1,2";
				VALIDATE_PRODUCT = YES;
			};
			name = Release;
		};
		843CB03B19E33B120030DE2C /* Debug */ = {
			isa = XCBuildConfiguration;
			baseConfigurationReference = F7531BBF8092F2AFCB65288F /* Pods.debug.xcconfig */;
			buildSettings = {
				ASSETCATALOG_COMPILER_APPICON_NAME = AppIcon;
				INFOPLIST_FILE = iFlickr/Info.plist;
				LD_RUNPATH_SEARCH_PATHS = "$(inherited) @executable_path/Frameworks";
				PRODUCT_NAME = "$(TARGET_NAME)";
			};
			name = Debug;
		};
		843CB03C19E33B120030DE2C /* Release */ = {
			isa = XCBuildConfiguration;
			baseConfigurationReference = EE4E2D49DB7189EDDF21009F /* Pods.release.xcconfig */;
			buildSettings = {
				ASSETCATALOG_COMPILER_APPICON_NAME = AppIcon;
				INFOPLIST_FILE = iFlickr/Info.plist;
				LD_RUNPATH_SEARCH_PATHS = "$(inherited) @executable_path/Frameworks";
				PRODUCT_NAME = "$(TARGET_NAME)";
			};
			name = Release;
		};
		843CB03E19E33B120030DE2C /* Debug */ = {
			isa = XCBuildConfiguration;
			buildSettings = {
				BUNDLE_LOADER = "$(TEST_HOST)";
				FRAMEWORK_SEARCH_PATHS = (
					"$(SDKROOT)/Developer/Library/Frameworks",
					"$(inherited)",
				);
				GCC_PREPROCESSOR_DEFINITIONS = (
					"DEBUG=1",
					"$(inherited)",
				);
				INFOPLIST_FILE = iFlickrTests/Info.plist;
				LD_RUNPATH_SEARCH_PATHS = "$(inherited) @executable_path/Frameworks @loader_path/Frameworks";
				PRODUCT_NAME = "$(TARGET_NAME)";
				TEST_HOST = "$(BUILT_PRODUCTS_DIR)/iFlickr.app/iFlickr";
			};
			name = Debug;
		};
		843CB03F19E33B120030DE2C /* Release */ = {
			isa = XCBuildConfiguration;
			buildSettings = {
				BUNDLE_LOADER = "$(TEST_HOST)";
				FRAMEWORK_SEARCH_PATHS = (
					"$(SDKROOT)/Developer/Library/Frameworks",
					"$(inherited)",
				);
				INFOPLIST_FILE = iFlickrTests/Info.plist;
				LD_RUNPATH_SEARCH_PATHS = "$(inherited) @executable_path/Frameworks @loader_path/Frameworks";
				PRODUCT_NAME = "$(TARGET_NAME)";
				TEST_HOST = "$(BUILT_PRODUCTS_DIR)/iFlickr.app/iFlickr";
			};
			name = Release;
		};
/* End XCBuildConfiguration section */

/* Begin XCConfigurationList section */
		843CB01219E33B110030DE2C /* Build configuration list for PBXProject "iFlickr" */ = {
			isa = XCConfigurationList;
			buildConfigurations = (
				843CB03819E33B120030DE2C /* Debug */,
				843CB03919E33B120030DE2C /* Release */,
			);
			defaultConfigurationIsVisible = 0;
			defaultConfigurationName = Release;
		};
		843CB03A19E33B120030DE2C /* Build configuration list for PBXNativeTarget "iFlickr" */ = {
			isa = XCConfigurationList;
			buildConfigurations = (
				843CB03B19E33B120030DE2C /* Debug */,
				843CB03C19E33B120030DE2C /* Release */,
			);
			defaultConfigurationIsVisible = 0;
			defaultConfigurationName = Release;
		};
		843CB03D19E33B120030DE2C /* Build configuration list for PBXNativeTarget "iFlickrTests" */ = {
			isa = XCConfigurationList;
			buildConfigurations = (
				843CB03E19E33B120030DE2C /* Debug */,
				843CB03F19E33B120030DE2C /* Release */,
			);
			defaultConfigurationIsVisible = 0;
			defaultConfigurationName = Release;
		};
/* End XCConfigurationList section */
	};
	rootObject = 843CB00F19E33B110030DE2C /* Project object */;
}
